
Microsoft Visual Studio Solution File, Format Version 12.00
# Visual Studio Version 17
VisualStudioVersion = 17.0.31903.59
MinimumVisualStudioVersion = 10.0.40219.1
Project("{2150E333-8FDC-42A3-9474-1A3956D46DE8}") = "src", "src", "{827E0CD3-B72D-47B6-A68D-7590B98EB39B}"
EndProject
Project("{FAE04EC0-301F-11D3-BF4B-00C04F79EFBC}") = "ApplyWise.Web", "src\ApplyWise.Web\ApplyWise.Web.csproj", "{9E197CFB-6B99-45FE-9FC3-171DF3289790}"
EndProject
Project("{2150E333-8FDC-42A3-9474-1A3956D46DE8}") = "tests", "tests", "{0AB3BF05-4346-4AA6-1389-037BE0695223}"
EndProject
Project("{FAE04EC0-301F-11D3-BF4B-00C04F79EFBC}") = "ApplyWise.Web.Tests", "tests\ApplyWise.Web.Tests\ApplyWise.Web.Tests.csproj", "{A553851B-5B4B-43A6-85E6-24989AAA2C82}"
EndProject
Global
	GlobalSection(SolutionConfigurationPlatforms) = preSolution
		Debug|Any CPU = Debug|Any CPU
		Debug|x64 = Debug|x64
		Debug|x86 = Debug|x86
		Release|Any CPU = Release|Any CPU
		Release|x64 = Release|x64
		Release|x86 = Release|x86
	EndGlobalSection
	GlobalSection(ProjectConfigurationPlatforms) = postSolution
		{9E197CFB-6B99-45FE-9FC3-171DF3289790}.Debug|Any CPU.ActiveCfg = Debug|Any CPU
		{9E197CFB-6B99-45FE-9FC3-171DF3289790}.Debug|Any CPU.Build.0 = Debug|Any CPU
		{9E197CFB-6B99-45FE-9FC3-171DF3289790}.Debug|x64.ActiveCfg = Debug|Any CPU
		{9E197CFB-6B99-45FE-9FC3-171DF3289790}.Debug|x64.Build.0 = Debug|Any CPU
		{9E197CFB-6B99-45FE-9FC3-171DF3289790}.Debug|x86.ActiveCfg = Debug|Any CPU
		{9E197CFB-6B99-45FE-9FC3-171DF3289790}.Debug|x86.Build.0 = Debug|Any CPU
		{9E197CFB-6B99-45FE-9FC3-171DF3289790}.Release|Any CPU.ActiveCfg = Release|Any CPU
		{9E197CFB-6B99-45FE-9FC3-171DF3289790}.Release|Any CPU.Build.0 = Release|Any CPU
		{9E197CFB-6B99-45FE-9FC3-171DF3289790}.Release|x64.ActiveCfg = Release|Any CPU
		{9E197CFB-6B99-45FE-9FC3-171DF3289790}.Release|x64.Build.0 = Release|Any CPU
		{9E197CFB-6B99-45FE-9FC3-171DF3289790}.Release|x86.ActiveCfg = Release|Any CPU
		{9E197CFB-6B99-45FE-9FC3-171DF3289790}.Release|x86.Build.0 = Release|Any CPU
		{A553851B-5B4B-43A6-85E6-24989AAA2C82}.Debug|Any CPU.ActiveCfg = Debug|Any CPU
		{A553851B-5B4B-43A6-85E6-24989AAA2C82}.Debug|Any CPU.Build.0 = Debug|Any CPU
		{A553851B-5B4B-43A6-85E6-24989AAA2C82}.Debug|x64.ActiveCfg = Debug|Any CPU
		{A553851B-5B4B-43A6-85E6-24989AAA2C82}.Debug|x64.Build.0 = Debug|Any CPU
		{A553851B-5B4B-43A6-85E6-24989AAA2C82}.Debug|x86.ActiveCfg = Debug|Any CPU
		{A553851B-5B4B-43A6-85E6-24989AAA2C82}.Debug|x86.Build.0 = Debug|Any CPU
		{A553851B-5B4B-43A6-85E6-24989AAA2C82}.Release|Any CPU.ActiveCfg = Release|Any CPU
		{A553851B-5B4B-43A6-85E6-24989AAA2C82}.Release|Any CPU.Build.0 = Release|Any CPU
		{A553851B-5B4B-43A6-85E6-24989AAA2C82}.Release|x64.ActiveCfg = Release|Any CPU
		{A553851B-5B4B-43A6-85E6-24989AAA2C82}.Release|x64.Build.0 = Release|Any CPU
		{A553851B-5B4B-43A6-85E6-24989AAA2C82}.Release|x86.ActiveCfg = Release|Any CPU
		{A553851B-5B4B-43A6-85E6-24989AAA2C82}.Release|x86.Build.0 = Release|Any CPU
	EndGlobalSection
	GlobalSection(SolutionProperties) = preSolution
		HideSolutionNode = FALSE
	EndGlobalSection
	GlobalSection(NestedProjects) = preSolution
		{9E197CFB-6B99-45FE-9FC3-171DF3289790} = {827E0CD3-B72D-47B6-A68D-7590B98EB39B}
		{A553851B-5B4B-43A6-85E6-24989AAA2C82} = {0AB3BF05-4346-4AA6-1389-037BE0695223}
	EndGlobalSection
EndGlobal
